// !$*UTF8*$!
{
	archiveVersion = 1;
	classes = {
	};
	objectVersion = 46;
	objects = {

/* Begin PBXBuildFile section */
		B0BDAA791E83C6B600F02DE6 /* main.m in Sources */ = {isa = PBXBuildFile; fileRef = B0BDAA781E83C6B600F02DE6 /* main.m */; };
		B0BDAA7C1E83C6B600F02DE6 /* AppDelegate.m in Sources */ = {isa = PBXBuildFile; fileRef = B0BDAA7B1E83C6B600F02DE6 /* AppDelegate.m */; };
		B0BDAA7F1E83C6B600F02DE6 /* ViewController.m in Sources */ = {isa = PBXBuildFile; fileRef = B0BDAA7E1E83C6B600F02DE6 /* ViewController.m */; };
		B0BDAA821E83C6B600F02DE6 /* Main.storyboard in Resources */ = {isa = PBXBuildFile; fileRef = B0BDAA801E83C6B600F02DE6 /* Main.storyboard */; };
		B0BDAA841E83C6B600F02DE6 /* Assets.xcassets in Resources */ = {isa = PBXBuildFile; fileRef = B0BDAA831E83C6B600F02DE6 /* Assets.xcassets */; };
		B0BDAA871E83C6B600F02DE6 /* LaunchScreen.storyboard in Resources */ = {isa = PBXBuildFile; fileRef = B0BDAA851E83C6B600F02DE6 /* LaunchScreen.storyboard */; };
		B0BDAA911E83C6F100F02DE6 /* UINavigationController+YGTranslation.m in Sources */ = {isa = PBXBuildFile; fileRef = B0BDAA901E83C6F100F02DE6 /* UINavigationController+YGTranslation.m */; };
		B0BDAA941E83C70600F02DE6 /* UIViewController+YGTranslation.m in Sources */ = {isa = PBXBuildFile; fileRef = B0BDAA931E83C70600F02DE6 /* UIViewController+YGTranslation.m */; };
		B0BDAA971E83CB8E00F02DE6 /* YGBaseAnimator.m in Sources */ = {isa = PBXBuildFile; fileRef = B0BDAA961E83CB8E00F02DE6 /* YGBaseAnimator.m */; };
		B0BDAA9A1E84B3EB00F02DE6 /* YGBaseInteractor.m in Sources */ = {isa = PBXBuildFile; fileRef = B0BDAA991E84B3EB00F02DE6 /* YGBaseInteractor.m */; };
/* End PBXBuildFile section */

/* Begin PBXFileReference section */
		B0BDAA741E83C6B600F02DE6 /* YGTranslation.app */ = {isa = PBXFileReference; explicitFileType = wrapper.application; includeInIndex = 0; path = YGTranslation.app; sourceTree = BUILT_PRODUCTS_DIR; };
		B0BDAA781E83C6B600F02DE6 /* main.m */ = {isa = PBXFileReference; lastKnownFileType = sourcecode.c.objc; path = main.m; sourceTree = "<group>"; };
		B0BDAA7A1E83C6B600F02DE6 /* AppDelegate.h */ = {isa = PBXFileReference; lastKnownFileType = sourcecode.c.h; path = AppDelegate.h; sourceTree = "<group>"; };
		B0BDAA7B1E83C6B600F02DE6 /* AppDelegate.m */ = {isa = PBXFileReference; lastKnownFileType = sourcecode.c.objc; path = AppDelegate.m; sourceTree = "<group>"; };
		B0BDAA7D1E83C6B600F02DE6 /* ViewController.h */ = {isa = PBXFileReference; lastKnownFileType = sourcecode.c.h; path = ViewController.h; sourceTree = "<group>"; };
		B0BDAA7E1E83C6B600F02DE6 /* ViewController.m */ = {isa = PBXFileReference; lastKnownFileType = sourcecode.c.objc; path = ViewController.m; sourceTree = "<group>"; };
		B0BDAA811E83C6B600F02DE6 /* Base */ = {isa = PBXFileReference; lastKnownFileType = file.storyboard; name = Base; path = Base.lproj/Main.storyboard; sourceTree = "<group>"; };
		B0BDAA831E83C6B600F02DE6 /* Assets.xcassets */ = {isa = PBXFileReference; lastKnownFileType = folder.assetcatalog; path = Assets.xcassets; sourceTree = "<group>"; };
		B0BDAA861E83C6B600F02DE6 /* Base */ = {isa = PBXFileReference; lastKnownFileType = file.storyboard; name = Base; path = Base.lproj/LaunchScreen.storyboard; sourceTree = "<group>"; };
		B0BDAA881E83C6B600F02DE6 /* Info.plist */ = {isa = PBXFileReference; lastKnownFileType = text.plist.xml; path = Info.plist; sourceTree = "<group>"; };
		B0BDAA8F1E83C6F100F02DE6 /* UINavigationController+YGTranslation.h */ = {isa = PBXFileReference; fileEncoding = 4; lastKnownFileType = sourcecode.c.h; path = "UINavigationController+YGTranslation.h"; sourceTree = "<group>"; };
		B0BDAA901E83C6F100F02DE6 /* UINavigationController+YGTranslation.m */ = {isa = PBXFileReference; fileEncoding = 4; lastKnownFileType = sourcecode.c.objc; path = "UINavigationController+YGTranslation.m"; sourceTree = "<group>"; };
		B0BDAA921E83C70600F02DE6 /* UIViewController+YGTranslation.h */ = {isa = PBXFileReference; fileEncoding = 4; lastKnownFileType = sourcecode.c.h; path = "UIViewController+YGTranslation.h"; sourceTree = "<group>"; };
		B0BDAA931E83C70600F02DE6 /* UIViewController+YGTranslation.m */ = {isa = PBXFileReference; fileEncoding = 4; lastKnownFileType = sourcecode.c.objc; path = "UIViewController+YGTranslation.m"; sourceTree = "<group>"; };
		B0BDAA951E83CB8E00F02DE6 /* YGBaseAnimator.h */ = {isa = PBXFileReference; fileEncoding = 4; lastKnownFileType = sourcecode.c.h; path = YGBaseAnimator.h; sourceTree = "<group>"; };
		B0BDAA961E83CB8E00F02DE6 /* YGBaseAnimator.m */ = {isa = PBXFileReference; fileEncoding = 4; lastKnownFileType = sourcecode.c.objc; path = YGBaseAnimator.m; sourceTree = "<group>"; };
		B0BDAA981E84B3EB00F02DE6 /* YGBaseInteractor.h */ = {isa = PBXFileReference; fileEncoding = 4; lastKnownFileType = sourcecode.c.h; path = YGBaseInteractor.h; sourceTree = "<group>"; };
		B0BDAA991E84B3EB00F02DE6 /* YGBaseInteractor.m */ = {isa = PBXFileReference; fileEncoding = 4; lastKnownFileType = sourcecode.c.objc; path = YGBaseInteractor.m; sourceTree = "<group>"; };
/* End PBXFileReference section */

/* Begin PBXFrameworksBuildPhase section */
		B0BDAA711E83C6B600F02DE6 /* Frameworks */ = {
			isa = PBXFrameworksBuildPhase;
			buildActionMask = 2147483647;
			files = (
			);
			runOnlyForDeploymentPostprocessing = 0;
		};
/* End PBXFrameworksBuildPhase section */

/* Begin PBXGroup section */
		B0BDAA6B1E83C6B600F02DE6 = {
			isa = PBXGroup;
			children = (
				B0BDAA761E83C6B600F02DE6 /* YGTranslation */,
				B0BDAA751E83C6B600F02DE6 /* Products */,
			);
			sourceTree = "<group>";
		};
		B0BDAA751E83C6B600F02DE6 /* Products */ = {
			isa = PBXGroup;
			children = (
				B0BDAA741E83C6B600F02DE6 /* YGTranslation.app */,
			);
			name = Products;
			sourceTree = "<group>";
		};
		B0BDAA761E83C6B600F02DE6 /* YGTranslation */ = {
			isa = PBXGroup;
			children = (
				B0BDAA8E1E83C6CC00F02DE6 /* Translation */,
				B0BDAA7A1E83C6B600F02DE6 /* AppDelegate.h */,
				B0BDAA7B1E83C6B600F02DE6 /* AppDelegate.m */,
				B0BDAA7D1E83C6B600F02DE6 /* ViewController.h */,
				B0BDAA7E1E83C6B600F02DE6 /* ViewController.m */,
				B0BDAA801E83C6B600F02DE6 /* Main.storyboard */,
				B0BDAA831E83C6B600F02DE6 /* Assets.xcassets */,
				B0BDAA851E83C6B600F02DE6 /* LaunchScreen.storyboard */,
				B0BDAA881E83C6B600F02DE6 /* Info.plist */,
				B0BDAA771E83C6B600F02DE6 /* Supporting Files */,
			);
			path = YGTranslation;
			sourceTree = "<group>";
		};
		B0BDAA771E83C6B600F02DE6 /* Supporting Files */ = {
			isa = PBXGroup;
			children = (
				B0BDAA781E83C6B600F02DE6 /* main.m */,
			);
			name = "Supporting Files";
			sourceTree = "<group>";
		};
		B0BDAA8E1E83C6CC00F02DE6 /* Translation */ = {
			isa = PBXGroup;
			children = (
				B0BDAA8F1E83C6F100F02DE6 /* UINavigationController+YGTranslation.h */,
				B0BDAA901E83C6F100F02DE6 /* UINavigationController+YGTranslation.m */,
				B0BDAA921E83C70600F02DE6 /* UIViewController+YGTranslation.h */,
				B0BDAA931E83C70600F02DE6 /* UIViewController+YGTranslation.m */,
				B0BDAA951E83CB8E00F02DE6 /* YGBaseAnimator.h */,
				B0BDAA961E83CB8E00F02DE6 /* YGBaseAnimator.m */,
				B0BDAA981E84B3EB00F02DE6 /* YGBaseInteractor.h */,
				B0BDAA991E84B3EB00F02DE6 /* YGBaseInteractor.m */,
			);
			path = Translation;
			sourceTree = "<group>";
		};
/* End PBXGroup section */

/* Begin PBXNativeTarget section */
		B0BDAA731E83C6B600F02DE6 /* YGTranslation */ = {
			isa = PBXNativeTarget;
			buildConfigurationList = B0BDAA8B1E83C6B600F02DE6 /* Build configuration list for PBXNativeTarget "YGTranslation" */;
			buildPhases = (
				B0BDAA701E83C6B600F02DE6 /* Sources */,
				B0BDAA711E83C6B600F02DE6 /* Frameworks */,
				B0BDAA721E83C6B600F02DE6 /* Resources */,
			);
			buildRules = (
			);
			dependencies = (
			);
			name = YGTranslation;
			productName = YGTranslation;
			productReference = B0BDAA741E83C6B600F02DE6 /* YGTranslation.app */;
			productType = "com.apple.product-type.application";
		};
/* End PBXNativeTarget section */

/* Begin PBXProject section */
		B0BDAA6C1E83C6B600F02DE6 /* Project object */ = {
			isa = PBXProject;
			attributes = {
				LastUpgradeCheck = 0820;
				ORGANIZATIONNAME = "黄德玉";
				TargetAttributes = {
					B0BDAA731E83C6B600F02DE6 = {
						CreatedOnToolsVersion = 8.2.1;
						ProvisioningStyle = Automatic;
					};
				};
			};
			buildConfigurationList = B0BDAA6F1E83C6B600F02DE6 /* Build configuration list for PBXProject "YGTranslation" */;
			compatibilityVersion = "Xcode 3.2";
			developmentRegion = English;
			hasScannedForEncodings = 0;
			knownRegions = (
				en,
				Base,
			);
			mainGroup = B0BDAA6B1E83C6B600F02DE6;
			productRefGroup = B0BDAA751E83C6B600F02DE6 /* Products */;
			projectDirPath = "";
			projectRoot = "";
			targets = (
				B0BDAA731E83C6B600F02DE6 /* YGTranslation */,
			);
		};
/* End PBXProject section */

/* Begin PBXResourcesBuildPhase section */
		B0BDAA721E83C6B600F02DE6 /* Resources */ = {
			isa = PBXResourcesBuildPhase;
			buildActionMask = 2147483647;
			files = (
				B0BDAA871E83C6B600F02DE6 /* LaunchScreen.storyboard in Resources */,
				B0BDAA841E83C6B600F02DE6 /* Assets.xcassets in Resources */,
				B0BDAA821E83C6B600F02DE6 /* Main.storyboard in Resources */,
			);
			runOnlyForDeploymentPostprocessing = 0;
		};
/* End PBXResourcesBuildPhase section */

/* Begin PBXSourcesBuildPhase section */
		B0BDAA701E83C6B600F02DE6 /* Sources */ = {
			isa = PBXSourcesBuildPhase;
			buildActionMask = 2147483647;
			files = (
				B0BDAA7F1E83C6B600F02DE6 /* ViewController.m in Sources */,
				B0BDAA971E83CB8E00F02DE6 /* YGBaseAnimator.m in Sources */,
				B0BDAA911E83C6F100F02DE6 /* UINavigationController+YGTranslation.m in Sources */,
				B0BDAA9A1E84B3EB00F02DE6 /* YGBaseInteractor.m in Sources */,
				B0BDAA7C1E83C6B600F02DE6 /* AppDelegate.m in Sources */,
				B0BDAA941E83C70600F02DE6 /* UIViewController+YGTranslation.m in Sources */,
				B0BDAA791E83C6B600F02DE6 /* main.m in Sources */,
			);
			runOnlyForDeploymentPostprocessing = 0;
		};
/* End PBXSourcesBuildPhase section */

/* Begin PBXVariantGroup section */
		B0BDAA801E83C6B600F02DE6 /* Main.storyboard */ = {
			isa = PBXVariantGroup;
			children = (
				B0BDAA811E83C6B600F02DE6 /* Base */,
			);
			name = Main.storyboard;
			sourceTree = "<group>";
		};
		B0BDAA851E83C6B600F02DE6 /* LaunchScreen.storyboard */ = {
			isa = PBXVariantGroup;
			children = (
				B0BDAA861E83C6B600F02DE6 /* Base */,
			);
			name = LaunchScreen.storyboard;
			sourceTree = "<group>";
		};
/* End PBXVariantGroup section */

/* Begin XCBuildConfiguration section */
		B0BDAA891E83C6B600F02DE6 /* Debug */ = {
			isa = XCBuildConfiguration;
			buildSettings = {
				ALWAYS_SEARCH_USER_PATHS = NO;
				CLANG_ANALYZER_NONNULL = YES;
				CLANG_CXX_LANGUAGE_STANDARD = "gnu++0x";
				CLANG_CXX_LIBRARY = "libc++";
				CLANG_ENABLE_MODULES = YES;
				CLANG_ENABLE_OBJC_ARC = YES;
				CLANG_WARN_BOOL_CONVERSION = YES;
				CLANG_WARN_CONSTANT_CONVERSION = YES;
				CLANG_WARN_DIRECT_OBJC_ISA_USAGE = YES_ERROR;
				CLANG_WARN_DOCUMENTATION_COMMENTS = YES;
				CLANG_WARN_EMPTY_BODY = YES;
				CLANG_WARN_ENUM_CONVERSION = YES;
				CLANG_WARN_INFINITE_RECURSION = YES;
				CLANG_WARN_INT_CONVERSION = YES;
				CLANG_WARN_OBJC_ROOT_CLASS = YES_ERROR;
				CLANG_WARN_SUSPICIOUS_MOVE = YES;
				CLANG_WARN_UNREACHABLE_CODE = YES;
				CLANG_WARN__DUPLICATE_METHOD_MATCH = YES;
				"CODE_SIGN_IDENTITY[sdk=iphoneos*]" = "iPhone Developer";
				COPY_PHASE_STRIP = NO;
				DEBUG_INFORMATION_FORMAT = dwarf;
				ENABLE_STRICT_OBJC_MSGSEND = YES;
				ENABLE_TESTABILITY = YES;
				GCC_C_LANGUAGE_STANDARD = gnu99;
				GCC_DYNAMIC_NO_PIC = NO;
				GCC_NO_COMMON_BLOCKS = YES;
				GCC_OPTIMIZATION_LEVEL = 0;
				GCC_PREPROCESSOR_DEFINITIONS = (
					"DEBUG=1",
					"$(inherited)",
				);
				GCC_WARN_64_TO_32_BIT_CONVERSION = YES;
				GCC_WARN_ABOUT_RETURN_TYPE = YES_ERROR;
				GCC_WARN_UNDECLARED_SELECTOR = YES;
				GCC_WARN_UNINITIALIZED_AUTOS = YES_AGGRESSIVE;
				GCC_WARN_UNUSED_FUNCTION = YES;
				GCC_WARN_UNUSED_VARIABLE = YES;
				IPHONEOS_DEPLOYMENT_TARGET = 10.2;
				MTL_ENABLE_DEBUG_INFO = YES;
				ONLY_ACTIVE_ARCH = YES;
				SDKROOT = iphoneos;
			};
			name = Debug;
		};
		B0BDAA8A1E83C6B600F02DE6 /* Release */ = {
			isa = XCBuildConfiguration;
			buildSettings = {
				ALWAYS_SEARCH_USER_PATHS = NO;
				CLANG_ANALYZER_NONNULL = YES;
				CLANG_CXX_LANGUAGE_STANDARD = "gnu++0x";
				CLANG_CXX_LIBRARY = "libc++";
				CLANG_ENABLE_MODULES = YES;
				CLANG_ENABLE_OBJC_ARC = YES;
				CLANG_WARN_BOOL_CONVERSION = YES;
				CLANG_WARN_CONSTANT_CONVERSION = YES;
				CLANG_WARN_DIRECT_OBJC_ISA_USAGE = YES_ERROR;
				CLANG_WARN_DOCUMENTATION_COMMENTS = YES;
				CLANG_WARN_EMPTY_BODY = YES;
				CLANG_WARN_ENUM_CONVERSION = YES;
				CLANG_WARN_INFINITE_RECURSION = YES;
				CLANG_WARN_INT_CONVERSION = YES;
				CLANG_WARN_OBJC_ROOT_CLASS = YES_ERROR;
				CLANG_WARN_SUSPICIOUS_MOVE = YES;
				CLANG_WARN_UNREACHABLE_CODE = YES;
				CLANG_WARN__DUPLICATE_METHOD_MATCH = YES;
				"CODE_SIGN_IDENTITY[sdk=iphoneos*]" = "iPhone Developer";
				COPY_PHASE_STRIP = NO;
				DEBUG_INFORMATION_FORMAT = "dwarf-with-dsym";
				ENABLE_NS_ASSERTIONS = NO;
				ENABLE_STRICT_OBJC_MSGSEND = YES;
				GCC_C_LANGUAGE_STANDARD = gnu99;
				GCC_NO_COMMON_BLOCKS = YES;
				GCC_WARN_64_TO_32_BIT_CONVERSION = YES;
				GCC_WARN_ABOUT_RETURN_TYPE = YES_ERROR;
				GCC_WARN_UNDECLARED_SELECTOR = YES;
				GCC_WARN_UNINITIALIZED_AUTOS = YES_AGGRESSIVE;
				GCC_WARN_UNUSED_FUNCTION = YES;
				GCC_WARN_UNUSED_VARIABLE = YES;
				IPHONEOS_DEPLOYMENT_TARGET = 10.2;
				MTL_ENABLE_DEBUG_INFO = NO;
				SDKROOT = iphoneos;
				VALIDATE_PRODUCT = YES;
			};
			name = Release;
		};
		B0BDAA8C1E83C6B600F02DE6 /* Debug */ = {
			isa = XCBuildConfiguration;
			buildSettings = {
				ASSETCATALOG_COMPILER_APPICON_NAME = AppIcon;
				INFOPLIST_FILE = YGTranslation/Info.plist;
				LD_RUNPATH_SEARCH_PATHS = "$(inherited) @executable_path/Frameworks";
				PRODUCT_BUNDLE_IDENTIFIER = com.yiguo.YGTranslation;
				PRODUCT_NAME = "$(TARGET_NAME)";
			};
			name = Debug;
		};
		B0BDAA8D1E83C6B600F02DE6 /* Release */ = {
			isa = XCBuildConfiguration;
			buildSettings = {
				ASSETCATALOG_COMPILER_APPICON_NAME = AppIcon;
				INFOPLIST_FILE = YGTranslation/Info.plist;
				LD_RUNPATH_SEARCH_PATHS = "$(inherited) @executable_path/Frameworks";
				PRODUCT_BUNDLE_IDENTIFIER = com.yiguo.YGTranslation;
				PRODUCT_NAME = "$(TARGET_NAME)";
			};
			name = Release;
		};
/* End XCBuildConfiguration section */

/* Begin XCConfigurationList section */
		B0BDAA6F1E83C6B600F02DE6 /* Build configuration list for PBXProject "YGTranslation" */ = {
			isa = XCConfigurationList;
			buildConfigurations = (
				B0BDAA891E83C6B600F02DE6 /* Debug */,
				B0BDAA8A1E83C6B600F02DE6 /* Release */,
			);
			defaultConfigurationIsVisible = 0;
			defaultConfigurationName = Release;
		};
		B0BDAA8B1E83C6B600F02DE6 /* Build configuration list for PBXNativeTarget "YGTranslation" */ = {
			isa = XCConfigurationList;
			buildConfigurations = (
				B0BDAA8C1E83C6B600F02DE6 /* Debug */,
				B0BDAA8D1E83C6B600F02DE6 /* Release */,
			);
			defaultConfigurationIsVisible = 0;
		};
/* End XCConfigurationList section */
	};
	rootObject = B0BDAA6C1E83C6B600F02DE6 /* Project object */;
}
